// !$*UTF8*$!
{
	archiveVersion = 1;
	classes = {
	};
	objectVersion = 56;
	objects = {

/* Begin PBXBuildFile section */
		FC853A682C5D136000F1844B /* Analytics.swift in Sources */ = {isa = PBXBuildFile; fileRef = FC853A672C5D136000F1844B /* Analytics.swift */; };
		FC853A6A2C5D140500F1844B /* MySingletonAnalytics.swift in Sources */ = {isa = PBXBuildFile; fileRef = FC853A692C5D140500F1844B /* MySingletonAnalytics.swift */; };
		FC853A6D2C5D14AC00F1844B /* InstanceInitializerViewController.swift in Sources */ = {isa = PBXBuildFile; fileRef = FC853A6B2C5D14AC00F1844B /* InstanceInitializerViewController.swift */; };
		FC853A6E2C5D14AC00F1844B /* InstanceInitializerViewController.xib in Resources */ = {isa = PBXBuildFile; fileRef = FC853A6C2C5D14AC00F1844B /* InstanceInitializerViewController.xib */; };
		FC853A712C5D14BE00F1844B /* ClosureInitializerViewController.swift in Sources */ = {isa = PBXBuildFile; fileRef = FC853A6F2C5D14BE00F1844B /* ClosureInitializerViewController.swift */; };
		FC853A722C5D14BE00F1844B /* ClosureInitializerViewController.xib in Resources */ = {isa = PBXBuildFile; fileRef = FC853A702C5D14BE00F1844B /* ClosureInitializerViewController.xib */; };
		FC853A762C5D14D400F1844B /* MySingletonViewController.swift in Sources */ = {isa = PBXBuildFile; fileRef = FC853A742C5D14D300F1844B /* MySingletonViewController.swift */; };
		FC853A772C5D14D400F1844B /* MySingletonViewController.xib in Resources */ = {isa = PBXBuildFile; fileRef = FC853A752C5D14D300F1844B /* MySingletonViewController.xib */; };
		FC853A7C2C5D2AB500F1844B /* MySingletonViewControllerTests.swift in Sources */ = {isa = PBXBuildFile; fileRef = FC853A7B2C5D2AB500F1844B /* MySingletonViewControllerTests.swift */; };
		FC853A802C5D2C8C00F1844B /* OverrideViewController.swift OverrideViewController.swift in Sources */ = {isa = PBXBuildFile; fileRef = FC853A7E2C5D2C8C00F1844B /* OverrideViewController.swift OverrideViewController.swift */; };
		FC853A812C5D2C8C00F1844B /* OverrideViewController.swift OverrideViewController.xib in Resources */ = {isa = PBXBuildFile; fileRef = FC853A7F2C5D2C8C00F1844B /* OverrideViewController.swift OverrideViewController.xib */; };
		FC853A842C5D2CE800F1844B /* OverrideViewControllerTests.swift in Sources */ = {isa = PBXBuildFile; fileRef = FC853A832C5D2CE800F1844B /* OverrideViewControllerTests.swift */; };
		FCB0C2022C5D4FF30037C334 /* ViewController.xib in Resources */ = {isa = PBXBuildFile; fileRef = FCB0C2012C5D4FF30037C334 /* ViewController.xib */; };
		FCB0C2032C5D4FF30037C334 /* ViewController.swift in Sources */ = {isa = PBXBuildFile; fileRef = FCB0C2002C5D4FF30037C334 /* ViewController.swift */; };
		FCB0C2082C5D52E00037C334 /* SpyURLSession.swift in Sources */ = {isa = PBXBuildFile; fileRef = FCB0C2072C5D52E00037C334 /* SpyURLSession.swift */; };
		FCB0C20A2C5D564B0037C334 /* ViewControllerTests.swift in Sources */ = {isa = PBXBuildFile; fileRef = FCB0C2092C5D564B0037C334 /* ViewControllerTests.swift */; };
		FCCBC2CB2C5CD4FA00A53673 /* AppDelegate.swift in Sources */ = {isa = PBXBuildFile; fileRef = FCCBC2CA2C5CD4FA00A53673 /* AppDelegate.swift */; };
		FCCBC2CD2C5CD4FA00A53673 /* SceneDelegate.swift in Sources */ = {isa = PBXBuildFile; fileRef = FCCBC2CC2C5CD4FA00A53673 /* SceneDelegate.swift */; };
		FCCBC2D22C5CD4FA00A53673 /* Base in Resources */ = {isa = PBXBuildFile; fileRef = FCCBC2D12C5CD4FA00A53673 /* Base */; };
		FCCBC2D42C5CD4FB00A53673 /* Assets.xcassets in Resources */ = {isa = PBXBuildFile; fileRef = FCCBC2D32C5CD4FB00A53673 /* Assets.xcassets */; };
		FCCBC2D72C5CD4FB00A53673 /* Base in Resources */ = {isa = PBXBuildFile; fileRef = FCCBC2D62C5CD4FB00A53673 /* Base */; };
		FCCBC2FD2C5CD86900A53673 /* AppLaunchTests.swift in Sources */ = {isa = PBXBuildFile; fileRef = FCCBC2FC2C5CD86900A53673 /* AppLaunchTests.swift */; };
		FCCBC2FF2C5CD88E00A53673 /* TestingAppDelegate.swift in Sources */ = {isa = PBXBuildFile; fileRef = FCCBC2FE2C5CD88E00A53673 /* TestingAppDelegate.swift */; };
/* End PBXBuildFile section */

/* Begin PBXContainerItemProxy section */
		FCCBC2DE2C5CD4FB00A53673 /* PBXContainerItemProxy */ = {
			isa = PBXContainerItemProxy;
			containerPortal = FCCBC2BF2C5CD4FA00A53673 /* Project object */;
			proxyType = 1;
			remoteGlobalIDString = FCCBC2C62C5CD4FA00A53673;
			remoteInfo = iOSTestingWithJon;
		};
/* End PBXContainerItemProxy section */

/* Begin PBXFileReference section */
		FC853A652C5CFD7600F1844B /* iOSTestingWithJon.xctestplan */ = {isa = PBXFileReference; lastKnownFileType = text; path = iOSTestingWithJon.xctestplan; sourceTree = "<group>"; };
		FC853A672C5D136000F1844B /* Analytics.swift */ = {isa = PBXFileReference; lastKnownFileType = sourcecode.swift; path = Analytics.swift; sourceTree = "<group>"; };
		FC853A692C5D140500F1844B /* MySingletonAnalytics.swift */ = {isa = PBXFileReference; lastKnownFileType = sourcecode.swift; path = MySingletonAnalytics.swift; sourceTree = "<group>"; };
		FC853A6B2C5D14AC00F1844B /* InstanceInitializerViewController.swift */ = {isa = PBXFileReference; lastKnownFileType = sourcecode.swift; path = InstanceInitializerViewController.swift; sourceTree = "<group>"; };
		FC853A6C2C5D14AC00F1844B /* InstanceInitializerViewController.xib */ = {isa = PBXFileReference; lastKnownFileType = file.xib; path = InstanceInitializerViewController.xib; sourceTree = "<group>"; };
		FC853A6F2C5D14BE00F1844B /* ClosureInitializerViewController.swift */ = {isa = PBXFileReference; lastKnownFileType = sourcecode.swift; path = ClosureInitializerViewController.swift; sourceTree = "<group>"; };
		FC853A702C5D14BE00F1844B /* ClosureInitializerViewController.xib */ = {isa = PBXFileReference; lastKnownFileType = file.xib; path = ClosureInitializerViewController.xib; sourceTree = "<group>"; };
		FC853A742C5D14D300F1844B /* MySingletonViewController.swift */ = {isa = PBXFileReference; lastKnownFileType = sourcecode.swift; path = MySingletonViewController.swift; sourceTree = "<group>"; };
		FC853A752C5D14D300F1844B /* MySingletonViewController.xib */ = {isa = PBXFileReference; lastKnownFileType = file.xib; path = MySingletonViewController.xib; sourceTree = "<group>"; };
		FC853A7B2C5D2AB500F1844B /* MySingletonViewControllerTests.swift */ = {isa = PBXFileReference; lastKnownFileType = sourcecode.swift; path = MySingletonViewControllerTests.swift; sourceTree = "<group>"; };
		FC853A7E2C5D2C8C00F1844B /* OverrideViewController.swift OverrideViewController.swift */ = {isa = PBXFileReference; lastKnownFileType = sourcecode.swift; path = "OverrideViewController.swift OverrideViewController.swift"; sourceTree = "<group>"; };
		FC853A7F2C5D2C8C00F1844B /* OverrideViewController.swift OverrideViewController.xib */ = {isa = PBXFileReference; lastKnownFileType = file.xib; path = "OverrideViewController.swift OverrideViewController.xib"; sourceTree = "<group>"; };
		FC853A832C5D2CE800F1844B /* OverrideViewControllerTests.swift */ = {isa = PBXFileReference; lastKnownFileType = sourcecode.swift; path = OverrideViewControllerTests.swift; sourceTree = "<group>"; };
		FCB0C2002C5D4FF30037C334 /* ViewController.swift */ = {isa = PBXFileReference; lastKnownFileType = sourcecode.swift; path = ViewController.swift; sourceTree = "<group>"; };
		FCB0C2012C5D4FF30037C334 /* ViewController.xib */ = {isa = PBXFileReference; lastKnownFileType = file.xib; path = ViewController.xib; sourceTree = "<group>"; };
		FCB0C2072C5D52E00037C334 /* SpyURLSession.swift */ = {isa = PBXFileReference; lastKnownFileType = sourcecode.swift; path = SpyURLSession.swift; sourceTree = "<group>"; };
		FCB0C2092C5D564B0037C334 /* ViewControllerTests.swift */ = {isa = PBXFileReference; lastKnownFileType = sourcecode.swift; path = ViewControllerTests.swift; sourceTree = "<group>"; };
		FCCBC2C72C5CD4FA00A53673 /* iOSTestingWithJon.app */ = {isa = PBXFileReference; explicitFileType = wrapper.application; includeInIndex = 0; path = iOSTestingWithJon.app; sourceTree = BUILT_PRODUCTS_DIR; };
		FCCBC2CA2C5CD4FA00A53673 /* AppDelegate.swift */ = {isa = PBXFileReference; lastKnownFileType = sourcecode.swift; path = AppDelegate.swift; sourceTree = "<group>"; };
		FCCBC2CC2C5CD4FA00A53673 /* SceneDelegate.swift */ = {isa = PBXFileReference; lastKnownFileType = sourcecode.swift; path = SceneDelegate.swift; sourceTree = "<group>"; };
		FCCBC2D12C5CD4FA00A53673 /* Base */ = {isa = PBXFileReference; lastKnownFileType = file.storyboard; name = Base; path = Base.lproj/Main.storyboard; sourceTree = "<group>"; };
		FCCBC2D32C5CD4FB00A53673 /* Assets.xcassets */ = {isa = PBXFileReference; lastKnownFileType = folder.assetcatalog; path = Assets.xcassets; sourceTree = "<group>"; };
		FCCBC2D62C5CD4FB00A53673 /* Base */ = {isa = PBXFileReference; lastKnownFileType = file.storyboard; name = Base; path = Base.lproj/LaunchScreen.storyboard; sourceTree = "<group>"; };
		FCCBC2D82C5CD4FB00A53673 /* Info.plist */ = {isa = PBXFileReference; lastKnownFileType = text.plist.xml; path = Info.plist; sourceTree = "<group>"; };
		FCCBC2DD2C5CD4FB00A53673 /* iOSTestingWithJonTests.xctest */ = {isa = PBXFileReference; explicitFileType = wrapper.cfbundle; includeInIndex = 0; path = iOSTestingWithJonTests.xctest; sourceTree = BUILT_PRODUCTS_DIR; };
		FCCBC2FC2C5CD86900A53673 /* AppLaunchTests.swift */ = {isa = PBXFileReference; lastKnownFileType = sourcecode.swift; path = AppLaunchTests.swift; sourceTree = "<group>"; };
		FCCBC2FE2C5CD88E00A53673 /* TestingAppDelegate.swift */ = {isa = PBXFileReference; lastKnownFileType = sourcecode.swift; path = TestingAppDelegate.swift; sourceTree = "<group>"; };
/* End PBXFileReference section */

/* Begin PBXFrameworksBuildPhase section */
		FCCBC2C42C5CD4FA00A53673 /* Frameworks */ = {
			isa = PBXFrameworksBuildPhase;
			buildActionMask = 2147483647;
			files = (
			);
			runOnlyForDeploymentPostprocessing = 0;
		};
		FCCBC2DA2C5CD4FB00A53673 /* Frameworks */ = {
			isa = PBXFrameworksBuildPhase;
			buildActionMask = 2147483647;
			files = (
			);
			runOnlyForDeploymentPostprocessing = 0;
		};
/* End PBXFrameworksBuildPhase section */

/* Begin PBXGroup section */
		FC853A662C5D134800F1844B /* HardDependencies */ = {
			isa = PBXGroup;
			children = (
				FCB0C1FF2C5D4FB00037C334 /* Network */,
				FC853A7D2C5D2C7B00F1844B /* OverrideViewController */,
				FC853A792C5D14F400F1844B /* ClosureInitializerViewController */,
				FC853A782C5D14E100F1844B /* InstanceInitializerViewController */,
				FC853A732C5D14C600F1844B /* MySingletonViewController */,
				FC853A672C5D136000F1844B /* Analytics.swift */,
				FC853A692C5D140500F1844B /* MySingletonAnalytics.swift */,
			);
			path = HardDependencies;
			sourceTree = "<group>";
		};
		FC853A732C5D14C600F1844B /* MySingletonViewController */ = {
			isa = PBXGroup;
			children = (
				FC853A742C5D14D300F1844B /* MySingletonViewController.swift */,
				FC853A752C5D14D300F1844B /* MySingletonViewController.xib */,
			);
			path = MySingletonViewController;
			sourceTree = "<group>";
		};
		FC853A782C5D14E100F1844B /* InstanceInitializerViewController */ = {
			isa = PBXGroup;
			children = (
				FC853A6B2C5D14AC00F1844B /* InstanceInitializerViewController.swift */,
				FC853A6C2C5D14AC00F1844B /* InstanceInitializerViewController.xib */,
			);
			path = InstanceInitializerViewController;
			sourceTree = "<group>";
		};
		FC853A792C5D14F400F1844B /* ClosureInitializerViewController */ = {
			isa = PBXGroup;
			children = (
				FC853A6F2C5D14BE00F1844B /* ClosureInitializerViewController.swift */,
				FC853A702C5D14BE00F1844B /* ClosureInitializerViewController.xib */,
			);
			path = ClosureInitializerViewController;
			sourceTree = "<group>";
		};
		FC853A7A2C5D2A9000F1844B /* HardDependenciesTests */ = {
			isa = PBXGroup;
			children = (
				FC853A7B2C5D2AB500F1844B /* MySingletonViewControllerTests.swift */,
			);
			path = HardDependenciesTests;
			sourceTree = "<group>";
		};
		FC853A7D2C5D2C7B00F1844B /* OverrideViewController */ = {
			isa = PBXGroup;
			children = (
				FC853A7E2C5D2C8C00F1844B /* OverrideViewController.swift OverrideViewController.swift */,
				FC853A7F2C5D2C8C00F1844B /* OverrideViewController.swift OverrideViewController.xib */,
			);
			path = OverrideViewController;
			sourceTree = "<group>";
		};
		FC853A822C5D2CD900F1844B /* OverrideViewControllerTests */ = {
			isa = PBXGroup;
			children = (
				FC853A832C5D2CE800F1844B /* OverrideViewControllerTests.swift */,
			);
			path = OverrideViewControllerTests;
			sourceTree = "<group>";
		};
		FCB0C1FF2C5D4FB00037C334 /* Network */ = {
			isa = PBXGroup;
			children = (
				FCB0C2002C5D4FF30037C334 /* ViewController.swift */,
				FCB0C2012C5D4FF30037C334 /* ViewController.xib */,
			);
			path = Network;
			sourceTree = "<group>";
		};
		FCB0C2042C5D52B10037C334 /* Network */ = {
			isa = PBXGroup;
			children = (
				FCB0C2072C5D52E00037C334 /* SpyURLSession.swift */,
				FCB0C2092C5D564B0037C334 /* ViewControllerTests.swift */,
			);
			path = Network;
			sourceTree = "<group>";
		};
		FCCBC2BE2C5CD4FA00A53673 = {
			isa = PBXGroup;
			children = (
				FC853A652C5CFD7600F1844B /* iOSTestingWithJon.xctestplan */,
				FCCBC2C92C5CD4FA00A53673 /* iOSTestingWithJon */,
				FCCBC2E02C5CD4FB00A53673 /* iOSTestingWithJonTests */,
				FCCBC2C82C5CD4FA00A53673 /* Products */,
			);
			sourceTree = "<group>";
		};
		FCCBC2C82C5CD4FA00A53673 /* Products */ = {
			isa = PBXGroup;
			children = (
				FCCBC2C72C5CD4FA00A53673 /* iOSTestingWithJon.app */,
				FCCBC2DD2C5CD4FB00A53673 /* iOSTestingWithJonTests.xctest */,
			);
			name = Products;
			sourceTree = "<group>";
		};
		FCCBC2C92C5CD4FA00A53673 /* iOSTestingWithJon */ = {
			isa = PBXGroup;
			children = (
				FC853A662C5D134800F1844B /* HardDependencies */,
				FCCBC2FE2C5CD88E00A53673 /* TestingAppDelegate.swift */,
				FCCBC2CA2C5CD4FA00A53673 /* AppDelegate.swift */,
				FCCBC2CC2C5CD4FA00A53673 /* SceneDelegate.swift */,
				FCCBC2D02C5CD4FA00A53673 /* Main.storyboard */,
				FCCBC2D32C5CD4FB00A53673 /* Assets.xcassets */,
				FCCBC2D52C5CD4FB00A53673 /* LaunchScreen.storyboard */,
				FCCBC2D82C5CD4FB00A53673 /* Info.plist */,
			);
			path = iOSTestingWithJon;
			sourceTree = "<group>";
		};
		FCCBC2E02C5CD4FB00A53673 /* iOSTestingWithJonTests */ = {
			isa = PBXGroup;
			children = (
				FCB0C2042C5D52B10037C334 /* Network */,
				FC853A822C5D2CD900F1844B /* OverrideViewControllerTests */,
				FC853A7A2C5D2A9000F1844B /* HardDependenciesTests */,
				FCCBC2FC2C5CD86900A53673 /* AppLaunchTests.swift */,
			);
			path = iOSTestingWithJonTests;
			sourceTree = "<group>";
		};
/* End PBXGroup section */

/* Begin PBXNativeTarget section */
		FCCBC2C62C5CD4FA00A53673 /* iOSTestingWithJon */ = {
			isa = PBXNativeTarget;
			buildConfigurationList = FCCBC2F12C5CD4FB00A53673 /* Build configuration list for PBXNativeTarget "iOSTestingWithJon" */;
			buildPhases = (
				FCCBC2C32C5CD4FA00A53673 /* Sources */,
				FCCBC2C42C5CD4FA00A53673 /* Frameworks */,
				FCCBC2C52C5CD4FA00A53673 /* Resources */,
			);
			buildRules = (
			);
			dependencies = (
			);
			name = iOSTestingWithJon;
			productName = iOSTestingWithJon;
			productReference = FCCBC2C72C5CD4FA00A53673 /* iOSTestingWithJon.app */;
			productType = "com.apple.product-type.application";
		};
		FCCBC2DC2C5CD4FB00A53673 /* iOSTestingWithJonTests */ = {
			isa = PBXNativeTarget;
			buildConfigurationList = FCCBC2F42C5CD4FB00A53673 /* Build configuration list for PBXNativeTarget "iOSTestingWithJonTests" */;
			buildPhases = (
				FCCBC2D92C5CD4FB00A53673 /* Sources */,
				FCCBC2DA2C5CD4FB00A53673 /* Frameworks */,
				FCCBC2DB2C5CD4FB00A53673 /* Resources */,
			);
			buildRules = (
			);
			dependencies = (
				FCCBC2DF2C5CD4FB00A53673 /* PBXTargetDependency */,
			);
			name = iOSTestingWithJonTests;
			productName = iOSTestingWithJonTests;
			productReference = FCCBC2DD2C5CD4FB00A53673 /* iOSTestingWithJonTests.xctest */;
			productType = "com.apple.product-type.bundle.unit-test";
		};
/* End PBXNativeTarget section */

/* Begin PBXProject section */
		FCCBC2BF2C5CD4FA00A53673 /* Project object */ = {
			isa = PBXProject;
			attributes = {
				BuildIndependentTargetsInParallel = 1;
				LastSwiftUpdateCheck = 1530;
				LastUpgradeCheck = 1530;
				TargetAttributes = {
					FCCBC2C62C5CD4FA00A53673 = {
						CreatedOnToolsVersion = 15.3;
					};
					FCCBC2DC2C5CD4FB00A53673 = {
						CreatedOnToolsVersion = 15.3;
						LastSwiftMigration = 1530;
						TestTargetID = FCCBC2C62C5CD4FA00A53673;
					};
				};
			};
			buildConfigurationList = FCCBC2C22C5CD4FA00A53673 /* Build configuration list for PBXProject "iOSTestingWithJon" */;
			compatibilityVersion = "Xcode 14.0";
			developmentRegion = en;
			hasScannedForEncodings = 0;
			knownRegions = (
				en,
				Base,
			);
			mainGroup = FCCBC2BE2C5CD4FA00A53673;
			productRefGroup = FCCBC2C82C5CD4FA00A53673 /* Products */;
			projectDirPath = "";
			projectRoot = "";
			targets = (
				FCCBC2C62C5CD4FA00A53673 /* iOSTestingWithJon */,
				FCCBC2DC2C5CD4FB00A53673 /* iOSTestingWithJonTests */,
			);
		};
/* End PBXProject section */

/* Begin PBXResourcesBuildPhase section */
		FCCBC2C52C5CD4FA00A53673 /* Resources */ = {
			isa = PBXResourcesBuildPhase;
			buildActionMask = 2147483647;
			files = (
				FCCBC2D42C5CD4FB00A53673 /* Assets.xcassets in Resources */,
				FC853A812C5D2C8C00F1844B /* OverrideViewController.swift OverrideViewController.xib in Resources */,
				FCB0C2022C5D4FF30037C334 /* ViewController.xib in Resources */,
				FCCBC2D72C5CD4FB00A53673 /* Base in Resources */,
				FC853A6E2C5D14AC00F1844B /* InstanceInitializerViewController.xib in Resources */,
				FCCBC2D22C5CD4FA00A53673 /* Base in Resources */,
				FC853A772C5D14D400F1844B /* MySingletonViewController.xib in Resources */,
				FC853A722C5D14BE00F1844B /* ClosureInitializerViewController.xib in Resources */,
			);
			runOnlyForDeploymentPostprocessing = 0;
		};
		FCCBC2DB2C5CD4FB00A53673 /* Resources */ = {
			isa = PBXResourcesBuildPhase;
			buildActionMask = 2147483647;
			files = (
			);
			runOnlyForDeploymentPostprocessing = 0;
		};
/* End PBXResourcesBuildPhase section */

/* Begin PBXSourcesBuildPhase section */
		FCCBC2C32C5CD4FA00A53673 /* Sources */ = {
			isa = PBXSourcesBuildPhase;
			buildActionMask = 2147483647;
			files = (
				FC853A6A2C5D140500F1844B /* MySingletonAnalytics.swift in Sources */,
				FC853A712C5D14BE00F1844B /* ClosureInitializerViewController.swift in Sources */,
				FCCBC2FF2C5CD88E00A53673 /* TestingAppDelegate.swift in Sources */,
				FCB0C2032C5D4FF30037C334 /* ViewController.swift in Sources */,
				FC853A6D2C5D14AC00F1844B /* InstanceInitializerViewController.swift in Sources */,
				FC853A802C5D2C8C00F1844B /* OverrideViewController.swift OverrideViewController.swift in Sources */,
				FC853A762C5D14D400F1844B /* MySingletonViewController.swift in Sources */,
				FCCBC2CB2C5CD4FA00A53673 /* AppDelegate.swift in Sources */,
				FC853A682C5D136000F1844B /* Analytics.swift in Sources */,
				FCCBC2CD2C5CD4FA00A53673 /* SceneDelegate.swift in Sources */,
			);
			runOnlyForDeploymentPostprocessing = 0;
		};
		FCCBC2D92C5CD4FB00A53673 /* Sources */ = {
			isa = PBXSourcesBuildPhase;
			buildActionMask = 2147483647;
			files = (
				FCB0C20A2C5D564B0037C334 /* ViewControllerTests.swift in Sources */,
				FC853A7C2C5D2AB500F1844B /* MySingletonViewControllerTests.swift in Sources */,
				FCB0C2082C5D52E00037C334 /* SpyURLSession.swift in Sources */,
				FCCBC2FD2C5CD86900A53673 /* AppLaunchTests.swift in Sources */,
				FC853A842C5D2CE800F1844B /* OverrideViewControllerTests.swift in Sources */,
			);
			runOnlyForDeploymentPostprocessing = 0;
		};
/* End PBXSourcesBuildPhase section */

/* Begin PBXTargetDependency section */
		FCCBC2DF2C5CD4FB00A53673 /* PBXTargetDependency */ = {
			isa = PBXTargetDependency;
			target = FCCBC2C62C5CD4FA00A53673 /* iOSTestingWithJon */;
			targetProxy = FCCBC2DE2C5CD4FB00A53673 /* PBXContainerItemProxy */;
		};
/* End PBXTargetDependency section */

/* Begin PBXVariantGroup section */
		FCCBC2D02C5CD4FA00A53673 /* Main.storyboard */ = {
			isa = PBXVariantGroup;
			children = (
				FCCBC2D12C5CD4FA00A53673 /* Base */,
			);
			name = Main.storyboard;
			sourceTree = "<group>";
		};
		FCCBC2D52C5CD4FB00A53673 /* LaunchScreen.storyboard */ = {
			isa = PBXVariantGroup;
			children = (
				FCCBC2D62C5CD4FB00A53673 /* Base */,
			);
			name = LaunchScreen.storyboard;
			sourceTree = "<group>";
		};
/* End PBXVariantGroup section */

/* Begin XCBuildConfiguration section */
		FCCBC2EF2C5CD4FB00A53673 /* Debug */ = {
			isa = XCBuildConfiguration;
			buildSettings = {
				ALWAYS_SEARCH_USER_PATHS = NO;
				ASSETCATALOG_COMPILER_GENERATE_SWIFT_ASSET_SYMBOL_EXTENSIONS = YES;
				CLANG_ANALYZER_NONNULL = YES;
				CLANG_ANALYZER_NUMBER_OBJECT_CONVERSION = YES_AGGRESSIVE;
				CLANG_CXX_LANGUAGE_STANDARD = "gnu++20";
				CLANG_ENABLE_MODULES = YES;
				CLANG_ENABLE_OBJC_ARC = YES;
				CLANG_ENABLE_OBJC_WEAK = YES;
				CLANG_WARN_BLOCK_CAPTURE_AUTORELEASING = YES;
				CLANG_WARN_BOOL_CONVERSION = YES;
				CLANG_WARN_COMMA = YES;
				CLANG_WARN_CONSTANT_CONVERSION = YES;
				CLANG_WARN_DEPRECATED_OBJC_IMPLEMENTATIONS = YES;
				CLANG_WARN_DIRECT_OBJC_ISA_USAGE = YES_ERROR;
				CLANG_WARN_DOCUMENTATION_COMMENTS = YES;
				CLANG_WARN_EMPTY_BODY = YES;
				CLANG_WARN_ENUM_CONVERSION = YES;
				CLANG_WARN_INFINITE_RECURSION = YES;
				CLANG_WARN_INT_CONVERSION = YES;
				CLANG_WARN_NON_LITERAL_NULL_CONVERSION = YES;
				CLANG_WARN_OBJC_IMPLICIT_RETAIN_SELF = YES;
				CLANG_WARN_OBJC_LITERAL_CONVERSION = YES;
				CLANG_WARN_OBJC_ROOT_CLASS = YES_ERROR;
				CLANG_WARN_QUOTED_INCLUDE_IN_FRAMEWORK_HEADER = YES;
				CLANG_WARN_RANGE_LOOP_ANALYSIS = YES;
				CLANG_WARN_STRICT_PROTOTYPES = YES;
				CLANG_WARN_SUSPICIOUS_MOVE = YES;
				CLANG_WARN_UNGUARDED_AVAILABILITY = YES_AGGRESSIVE;
				CLANG_WARN_UNREACHABLE_CODE = YES;
				CLANG_WARN__DUPLICATE_METHOD_MATCH = YES;
				COPY_PHASE_STRIP = NO;
				DEBUG_INFORMATION_FORMAT = dwarf;
				ENABLE_STRICT_OBJC_MSGSEND = YES;
				ENABLE_TESTABILITY = YES;
				ENABLE_USER_SCRIPT_SANDBOXING = YES;
				GCC_C_LANGUAGE_STANDARD = gnu17;
				GCC_DYNAMIC_NO_PIC = NO;
				GCC_NO_COMMON_BLOCKS = YES;
				GCC_OPTIMIZATION_LEVEL = 0;
				GCC_PREPROCESSOR_DEFINITIONS = (
					"DEBUG=1",
					"$(inherited)",
				);
				GCC_WARN_64_TO_32_BIT_CONVERSION = YES;
				GCC_WARN_ABOUT_RETURN_TYPE = YES_ERROR;
				GCC_WARN_UNDECLARED_SELECTOR = YES;
				GCC_WARN_UNINITIALIZED_AUTOS = YES_AGGRESSIVE;
				GCC_WARN_UNUSED_FUNCTION = YES;
				GCC_WARN_UNUSED_VARIABLE = YES;
				IPHONEOS_DEPLOYMENT_TARGET = 17.4;
				LOCALIZATION_PREFERS_STRING_CATALOGS = YES;
				MTL_ENABLE_DEBUG_INFO = INCLUDE_SOURCE;
				MTL_FAST_MATH = YES;
				ONLY_ACTIVE_ARCH = YES;
				SDKROOT = iphoneos;
				SWIFT_ACTIVE_COMPILATION_CONDITIONS = "DEBUG $(inherited)";
				SWIFT_OPTIMIZATION_LEVEL = "-Onone";
			};
			name = Debug;
		};
		FCCBC2F02C5CD4FB00A53673 /* Release */ = {
			isa = XCBuildConfiguration;
			buildSettings = {
				ALWAYS_SEARCH_USER_PATHS = NO;
				ASSETCATALOG_COMPILER_GENERATE_SWIFT_ASSET_SYMBOL_EXTENSIONS = YES;
				CLANG_ANALYZER_NONNULL = YES;
				CLANG_ANALYZER_NUMBER_OBJECT_CONVERSION = YES_AGGRESSIVE;
				CLANG_CXX_LANGUAGE_STANDARD = "gnu++20";
				CLANG_ENABLE_MODULES = YES;
				CLANG_ENABLE_OBJC_ARC = YES;
				CLANG_ENABLE_OBJC_WEAK = YES;
				CLANG_WARN_BLOCK_CAPTURE_AUTORELEASING = YES;
				CLANG_WARN_BOOL_CONVERSION = YES;
				CLANG_WARN_COMMA = YES;
				CLANG_WARN_CONSTANT_CONVERSION = YES;
				CLANG_WARN_DEPRECATED_OBJC_IMPLEMENTATIONS = YES;
				CLANG_WARN_DIRECT_OBJC_ISA_USAGE = YES_ERROR;
				CLANG_WARN_DOCUMENTATION_COMMENTS = YES;
				CLANG_WARN_EMPTY_BODY = YES;
				CLANG_WARN_ENUM_CONVERSION = YES;
				CLANG_WARN_INFINITE_RECURSION = YES;
				CLANG_WARN_INT_CONVERSION = YES;
				CLANG_WARN_NON_LITERAL_NULL_CONVERSION = YES;
				CLANG_WARN_OBJC_IMPLICIT_RETAIN_SELF = YES;
				CLANG_WARN_OBJC_LITERAL_CONVERSION = YES;
				CLANG_WARN_OBJC_ROOT_CLASS = YES_ERROR;
				CLANG_WARN_QUOTED_INCLUDE_IN_FRAMEWORK_HEADER = YES;
				CLANG_WARN_RANGE_LOOP_ANALYSIS = YES;
				CLANG_WARN_STRICT_PROTOTYPES = YES;
				CLANG_WARN_SUSPICIOUS_MOVE = YES;
				CLANG_WARN_UNGUARDED_AVAILABILITY = YES_AGGRESSIVE;
				CLANG_WARN_UNREACHABLE_CODE = YES;
				CLANG_WARN__DUPLICATE_METHOD_MATCH = YES;
				COPY_PHASE_STRIP = NO;
				DEBUG_INFORMATION_FORMAT = "dwarf-with-dsym";
				ENABLE_NS_ASSERTIONS = NO;
				ENABLE_STRICT_OBJC_MSGSEND = YES;
				ENABLE_USER_SCRIPT_SANDBOXING = YES;
				GCC_C_LANGUAGE_STANDARD = gnu17;
				GCC_NO_COMMON_BLOCKS = YES;
				GCC_WARN_64_TO_32_BIT_CONVERSION = YES;
				GCC_WARN_ABOUT_RETURN_TYPE = YES_ERROR;
				GCC_WARN_UNDECLARED_SELECTOR = YES;
				GCC_WARN_UNINITIALIZED_AUTOS = YES_AGGRESSIVE;
				GCC_WARN_UNUSED_FUNCTION = YES;
				GCC_WARN_UNUSED_VARIABLE = YES;
				IPHONEOS_DEPLOYMENT_TARGET = 17.4;
				LOCALIZATION_PREFERS_STRING_CATALOGS = YES;
				MTL_ENABLE_DEBUG_INFO = NO;
				MTL_FAST_MATH = YES;
				SDKROOT = iphoneos;
				SWIFT_COMPILATION_MODE = wholemodule;
				VALIDATE_PRODUCT = YES;
			};
			name = Release;
		};
		FCCBC2F22C5CD4FB00A53673 /* Debug */ = {
			isa = XCBuildConfiguration;
			buildSettings = {
				ASSETCATALOG_COMPILER_APPICON_NAME = AppIcon;
				ASSETCATALOG_COMPILER_GLOBAL_ACCENT_COLOR_NAME = AccentColor;
				CODE_SIGN_STYLE = Automatic;
				CURRENT_PROJECT_VERSION = 1;
				DEVELOPMENT_TEAM = M32J6DS3B8;
				GENERATE_INFOPLIST_FILE = YES;
				INFOPLIST_FILE = iOSTestingWithJon/Info.plist;
				INFOPLIST_KEY_UIApplicationSupportsIndirectInputEvents = YES;
				INFOPLIST_KEY_UILaunchStoryboardName = LaunchScreen;
				INFOPLIST_KEY_UIMainStoryboardFile = Main;
				INFOPLIST_KEY_UISupportedInterfaceOrientations_iPad = "UIInterfaceOrientationPortrait UIInterfaceOrientationPortraitUpsideDown UIInterfaceOrientationLandscapeLeft UIInterfaceOrientationLandscapeRight";
				INFOPLIST_KEY_UISupportedInterfaceOrientations_iPhone = "UIInterfaceOrientationPortrait UIInterfaceOrientationLandscapeLeft UIInterfaceOrientationLandscapeRight";
				LD_RUNPATH_SEARCH_PATHS = (
					"$(inherited)",
					"@executable_path/Frameworks",
				);
				MARKETING_VERSION = 1.0;
				PRODUCT_BUNDLE_IDENTIFIER = AhmedAhmed.iOSTestingWithJon;
				PRODUCT_NAME = "$(TARGET_NAME)";
				SWIFT_EMIT_LOC_STRINGS = YES;
				SWIFT_VERSION = 5.0;
				TARGETED_DEVICE_FAMILY = "1,2";
			};
			name = Debug;
		};
		FCCBC2F32C5CD4FB00A53673 /* Release */ = {
			isa = XCBuildConfiguration;
			buildSettings = {
				ASSETCATALOG_COMPILER_APPICON_NAME = AppIcon;
				ASSETCATALOG_COMPILER_GLOBAL_ACCENT_COLOR_NAME = AccentColor;
				CODE_SIGN_STYLE = Automatic;
				CURRENT_PROJECT_VERSION = 1;
				DEVELOPMENT_TEAM = M32J6DS3B8;
				GENERATE_INFOPLIST_FILE = YES;
				INFOPLIST_FILE = iOSTestingWithJon/Info.plist;
				INFOPLIST_KEY_UIApplicationSupportsIndirectInputEvents = YES;
				INFOPLIST_KEY_UILaunchStoryboardName = LaunchScreen;
				INFOPLIST_KEY_UIMainStoryboardFile = Main;
				INFOPLIST_KEY_UISupportedInterfaceOrientations_iPad = "UIInterfaceOrientationPortrait UIInterfaceOrientationPortraitUpsideDown UIInterfaceOrientationLandscapeLeft UIInterfaceOrientationLandscapeRight";
				INFOPLIST_KEY_UISupportedInterfaceOrientations_iPhone = "UIInterfaceOrientationPortrait UIInterfaceOrientationLandscapeLeft UIInterfaceOrientationLandscapeRight";
				LD_RUNPATH_SEARCH_PATHS = (
					"$(inherited)",
					"@executable_path/Frameworks",
				);
				MARKETING_VERSION = 1.0;
				PRODUCT_BUNDLE_IDENTIFIER = AhmedAhmed.iOSTestingWithJon;
				PRODUCT_NAME = "$(TARGET_NAME)";
				SWIFT_EMIT_LOC_STRINGS = YES;
				SWIFT_VERSION = 5.0;
				TARGETED_DEVICE_FAMILY = "1,2";
			};
			name = Release;
		};
		FCCBC2F52C5CD4FB00A53673 /* Debug */ = {
			isa = XCBuildConfiguration;
			buildSettings = {
				ALWAYS_EMBED_SWIFT_STANDARD_LIBRARIES = YES;
				BUNDLE_LOADER = "$(TEST_HOST)";
				CLANG_ENABLE_MODULES = YES;
				CODE_SIGN_STYLE = Automatic;
				CURRENT_PROJECT_VERSION = 1;
				DEVELOPMENT_TEAM = M32J6DS3B8;
				GENERATE_INFOPLIST_FILE = YES;
				IPHONEOS_DEPLOYMENT_TARGET = 17.4;
				MARKETING_VERSION = 1.0;
				PRODUCT_BUNDLE_IDENTIFIER = AhmedAhmed.iOSTestingWithJonTests;
				PRODUCT_NAME = "$(TARGET_NAME)";
				SUPPORTED_PLATFORMS = "iphoneos iphonesimulator";
				SUPPORTS_MACCATALYST = NO;
				SUPPORTS_MAC_DESIGNED_FOR_IPHONE_IPAD = NO;
				SUPPORTS_XR_DESIGNED_FOR_IPHONE_IPAD = NO;
				SWIFT_EMIT_LOC_STRINGS = NO;
				SWIFT_OPTIMIZATION_LEVEL = "-Onone";
				SWIFT_VERSION = 5.0;
				TARGETED_DEVICE_FAMILY = 1;
				TEST_HOST = "$(BUILT_PRODUCTS_DIR)/iOSTestingWithJon.app/$(BUNDLE_EXECUTABLE_FOLDER_PATH)/iOSTestingWithJon";
			};
			name = Debug;
		};
		FCCBC2F62C5CD4FB00A53673 /* Release */ = {
			isa = XCBuildConfiguration;
			buildSettings = {
				ALWAYS_EMBED_SWIFT_STANDARD_LIBRARIES = YES;
				BUNDLE_LOADER = "$(TEST_HOST)";
				CLANG_ENABLE_MODULES = YES;
				CODE_SIGN_STYLE = Automatic;
				CURRENT_PROJECT_VERSION = 1;
				DEVELOPMENT_TEAM = M32J6DS3B8;
				GENERATE_INFOPLIST_FILE = YES;
				IPHONEOS_DEPLOYMENT_TARGET = 17.4;
				MARKETING_VERSION = 1.0;
				PRODUCT_BUNDLE_IDENTIFIER = AhmedAhmed.iOSTestingWithJonTests;
				PRODUCT_NAME = "$(TARGET_NAME)";
				SUPPORTED_PLATFORMS = "iphoneos iphonesimulator";
				SUPPORTS_MACCATALYST = NO;
				SUPPORTS_MAC_DESIGNED_FOR_IPHONE_IPAD = NO;
				SUPPORTS_XR_DESIGNED_FOR_IPHONE_IPAD = NO;
				SWIFT_EMIT_LOC_STRINGS = NO;
				SWIFT_VERSION = 5.0;
				TARGETED_DEVICE_FAMILY = 1;
				TEST_HOST = "$(BUILT_PRODUCTS_DIR)/iOSTestingWithJon.app/$(BUNDLE_EXECUTABLE_FOLDER_PATH)/iOSTestingWithJon";
			};
			name = Release;
		};
/* End XCBuildConfiguration section */

/* Begin XCConfigurationList section */
		FCCBC2C22C5CD4FA00A53673 /* Build configuration list for PBXProject "iOSTestingWithJon" */ = {
			isa = XCConfigurationList;
			buildConfigurations = (
				FCCBC2EF2C5CD4FB00A53673 /* Debug */,
				FCCBC2F02C5CD4FB00A53673 /* Release */,
			);
			defaultConfigurationIsVisible = 0;
			defaultConfigurationName = Release;
		};
		FCCBC2F12C5CD4FB00A53673 /* Build configuration list for PBXNativeTarget "iOSTestingWithJon" */ = {
			isa = XCConfigurationList;
			buildConfigurations = (
				FCCBC2F22C5CD4FB00A53673 /* Debug */,
				FCCBC2F32C5CD4FB00A53673 /* Release */,
			);
			defaultConfigurationIsVisible = 0;
			defaultConfigurationName = Release;
		};
		FCCBC2F42C5CD4FB00A53673 /* Build configuration list for PBXNativeTarget "iOSTestingWithJonTests" */ = {
			isa = XCConfigurationList;
			buildConfigurations = (
				FCCBC2F52C5CD4FB00A53673 /* Debug */,
				FCCBC2F62C5CD4FB00A53673 /* Release */,
			);
			defaultConfigurationIsVisible = 0;
			defaultConfigurationName = Release;
		};
/* End XCConfigurationList section */
	};
	rootObject = FCCBC2BF2C5CD4FA00A53673 /* Project object */;
}
